
Microsoft Visual Studio Solution File, Format Version 12.00
# Visual Studio Version 17
VisualStudioVersion = 17.5.002.0
MinimumVisualStudioVersion = 10.0.40219.1
Project("{9A19103F-16F7-4668-BE54-9A1E7A4F7556}") = "exercise", "exercise.csproj", "{3589FEC5-48E4-4860-9D9D-8AA937FB2AC8}"
EndProject
Global
	GlobalSection(SolutionConfigurationPlatforms) = preSolution
		Debug|Any CPU = Debug|Any CPU
		Release|Any CPU = Release|Any CPU
	EndGlobalSection
	GlobalSection(ProjectConfigurationPlatforms) = postSolution
		{3589FEC5-48E4-4860-9D9D-8AA937FB2AC8}.Debug|Any CPU.ActiveCfg = Debug|Any CPU
		{3589FEC5-48E4-4860-9D9D-8AA937FB2AC8}.Debug|Any CPU.Build.0 = Debug|Any CPU
		{3589FEC5-48E4-4860-9D9D-8AA937FB2AC8}.Release|Any CPU.ActiveCfg = Release|Any CPU
		{3589FEC5-48E4-4860-9D9D-8AA937FB2AC8}.Release|Any CPU.Build.0 = Release|Any CPU
	EndGlobalSection
	GlobalSection(SolutionProperties) = preSolution
		HideSolutionNode = FALSE
	EndGlobalSection
	GlobalSection(ExtensibilityGlobals) = postSolution
		SolutionGuid = {D7ADE104-0FB7-456D-B15C-9B6E34457C54}
	EndGlobalSection
EndGlobal
